
Microsoft Visual Studio Solution File, Format Version 12.00
# Visual Studio 15
VisualStudioVersion = 15.0.28307.1022
MinimumVisualStudioVersion = 10.0.40219.1
Project("{FAE04EC0-301F-11D3-BF4B-00C04F79EFBC}") = "ConsoleApp1", "ConsoleApp1\ConsoleApp1.csproj", "{3F2C93BB-0877-45EE-B26A-BF1BCAA161B0}"
EndProject
Global
	GlobalSection(SolutionConfigurationPlatforms) = preSolution
		Debug|Any CPU = Debug|Any CPU
		Release|Any CPU = Release|Any CPU
	EndGlobalSection
	GlobalSection(ProjectConfigurationPlatforms) = postSolution
		{3F2C93BB-0877-45EE-B26A-BF1BCAA161B0}.Debug|Any CPU.ActiveCfg = Debug|Any CPU
		{3F2C93BB-0877-45EE-B26A-BF1BCAA161B0}.Debug|Any CPU.Build.0 = Debug|Any CPU
		{3F2C93BB-0877-45EE-B26A-BF1BCAA161B0}.Release|Any CPU.ActiveCfg = Release|Any CPU
		{3F2C93BB-0877-45EE-B26A-BF1BCAA161B0}.Release|Any CPU.Build.0 = Release|Any CPU
	EndGlobalSection
	GlobalSection(SolutionProperties) = preSolution
		HideSolutionNode = FALSE
	EndGlobalSection
	GlobalSection(ExtensibilityGlobals) = postSolution
		SolutionGuid = {42F72207-847C-484E-BD29-5CAB52387D08}
	EndGlobalSection
EndGlobal
